
Microsoft Visual Studio Solution File, Format Version 12.00
# Visual Studio Version 17
VisualStudioVersion = 17.2.32616.157
MinimumVisualStudioVersion = 10.0.40219.1
Project("{FAE04EC0-301F-11D3-BF4B-00C04F79EFBC}") = "CSharp Six", "CSharp Six\CSharp Six.csproj", "{8EB6E402-700D-4F5B-9880-AF8C6CACBBE0}"
EndProject
Global
	GlobalSection(SolutionConfigurationPlatforms) = preSolution
		Debug|Any CPU = Debug|Any CPU
		Release|Any CPU = Release|Any CPU
	EndGlobalSection
	GlobalSection(ProjectConfigurationPlatforms) = postSolution
		{8EB6E402-700D-4F5B-9880-AF8C6CACBBE0}.Debug|Any CPU.ActiveCfg = Debug|Any CPU
		{8EB6E402-700D-4F5B-9880-AF8C6CACBBE0}.Debug|Any CPU.Build.0 = Debug|Any CPU
		{8EB6E402-700D-4F5B-9880-AF8C6CACBBE0}.Release|Any CPU.ActiveCfg = Release|Any CPU
		{8EB6E402-700D-4F5B-9880-AF8C6CACBBE0}.Release|Any CPU.Build.0 = Release|Any CPU
	EndGlobalSection
	GlobalSection(SolutionProperties) = preSolution
		HideSolutionNode = FALSE
	EndGlobalSection
	GlobalSection(ExtensibilityGlobals) = postSolution
		SolutionGuid = {3B7535CF-1905-4DE9-9443-5BDD2A3DF43B}
	EndGlobalSection
EndGlobal
